
Microsoft Visual Studio Solution File, Format Version 10.00
# Visual Studio 2008
Project("{FAE04EC0-301F-11D3-BF4B-00C04F79EFBC}") = "fac_cse", "fac_cse\fac_cse.csproj", "{B433A115-B0E4-45D3-B2ED-ACD4DF1BA30B}"
EndProject
Global
	GlobalSection(SolutionConfigurationPlatforms) = preSolution
		Debug|Any CPU = Debug|Any CPU
		Release|Any CPU = Release|Any CPU
	EndGlobalSection
	GlobalSection(ProjectConfigurationPlatforms) = postSolution
		{B433A115-B0E4-45D3-B2ED-ACD4DF1BA30B}.Debug|Any CPU.ActiveCfg = Debug|Any CPU
		{B433A115-B0E4-45D3-B2ED-ACD4DF1BA30B}.Debug|Any CPU.Build.0 = Debug|Any CPU
		{B433A115-B0E4-45D3-B2ED-ACD4DF1BA30B}.Release|Any CPU.ActiveCfg = Release|Any CPU
		{B433A115-B0E4-45D3-B2ED-ACD4DF1BA30B}.Release|Any CPU.Build.0 = Release|Any CPU
	EndGlobalSection
	GlobalSection(SolutionProperties) = preSolution
		HideSolutionNode = FALSE
	EndGlobalSection
EndGlobal
