
Microsoft Visual Studio Solution File, Format Version 10.00
# Visual Studio 2008
Project("{FAE04EC0-301F-11D3-BF4B-00C04F79EFBC}") = "fac_ece", "fac_ece\fac_ece.csproj", "{3747ACB5-8DF9-403A-8176-D846E18165BC}"
EndProject
Global
	GlobalSection(SolutionConfigurationPlatforms) = preSolution
		Debug|Any CPU = Debug|Any CPU
		Release|Any CPU = Release|Any CPU
	EndGlobalSection
	GlobalSection(ProjectConfigurationPlatforms) = postSolution
		{3747ACB5-8DF9-403A-8176-D846E18165BC}.Debug|Any CPU.ActiveCfg = Debug|Any CPU
		{3747ACB5-8DF9-403A-8176-D846E18165BC}.Debug|Any CPU.Build.0 = Debug|Any CPU
		{3747ACB5-8DF9-403A-8176-D846E18165BC}.Release|Any CPU.ActiveCfg = Release|Any CPU
		{3747ACB5-8DF9-403A-8176-D846E18165BC}.Release|Any CPU.Build.0 = Release|Any CPU
	EndGlobalSection
	GlobalSection(SolutionProperties) = preSolution
		HideSolutionNode = FALSE
	EndGlobalSection
EndGlobal
